PATH
  remote: /Users/erik/Code/Ruby/simplecov
  specs:
    simplecov (0.22.0)
      docile (~> 1.1)

PATH
  remote: base
  specs:
    base (0.0.1)

PATH
  remote: extra
  specs:
    extra (0.0.1)
      base

GEM
  remote: https://rubygems.org/
  specs:
    diff-lcs (1.6.2)
    docile (1.4.1)
    rspec (3.13.2)
      rspec-core (~> 3.13.0)
      rspec-expectations (~> 3.13.0)
      rspec-mocks (~> 3.13.0)
    rspec-core (3.13.6)
      rspec-support (~> 3.13.0)
    rspec-expectations (3.13.5)
      diff-lcs (>= 1.2.0, < 2.0)
      rspec-support (~> 3.13.0)
    rspec-mocks (3.13.8)
      diff-lcs (>= 1.2.0, < 2.0)
      rspec-support (~> 3.13.0)
    rspec-support (3.13.7)

PLATFORMS
  arm64-darwin-25
  ruby

DEPENDENCIES
  base!
  extra!
  rspec
  simplecov!

CHECKSUMS
  base (0.0.1)
  diff-lcs (1.6.2) sha256=9ae0d2cba7d4df3075fe8cd8602a8604993efc0dfa934cff568969efb1909962
  docile (1.4.1) sha256=96159be799bfa73cdb721b840e9802126e4e03dfc26863db73647204c727f21e
  extra (0.0.1)
  rspec (3.13.2) sha256=206284a08ad798e61f86d7ca3e376718d52c0bc944626b2349266f239f820587
  rspec-core (3.13.6) sha256=a8823c6411667b60a8bca135364351dda34cd55e44ff94c4be4633b37d828b2d
  rspec-expectations (3.13.5) sha256=33a4d3a1d95060aea4c94e9f237030a8f9eae5615e9bd85718fe3a09e4b58836
  rspec-mocks (3.13.8) sha256=086ad3d3d17533f4237643de0b5c42f04b66348c28bf6b9c2d3f4a3b01af1d47
  rspec-support (3.13.7) sha256=0640e5570872aafefd79867901deeeeb40b0c9875a36b983d85f54fb7381c47c
  simplecov (0.22.0)

BUNDLED WITH
  4.0.9
